
Microsoft Visual Studio Solution File, Format Version 12.00
# Visual Studio Version 17
VisualStudioVersion = 17.0.31912.275
MinimumVisualStudioVersion = 10.0.40219.1
Project("{FAE04EC0-301F-11D3-BF4B-00C04F79EFBC}") = "LobbyWars.Core", "LobbyWars.Core\LobbyWars.Core.csproj", "{8C2B648F-4911-4471-B0F8-08DB0B186004}"
EndProject
Project("{FAE04EC0-301F-11D3-BF4B-00C04F79EFBC}") = "LobbyWars.Infra", "LobbyWars.Infra\LobbyWars.Infra.csproj", "{1DCFE0D0-DACA-4160-8435-DA6263A86B2A}"
EndProject
Project("{FAE04EC0-301F-11D3-BF4B-00C04F79EFBC}") = "LobbyWars.ServiceLibrary", "LobbyWars.ServiceLibrary\LobbyWars.ServiceLibrary.csproj", "{771F3FA2-941F-4EBE-816B-0990053A164A}"
EndProject
Project("{FAE04EC0-301F-11D3-BF4B-00C04F79EFBC}") = "LobbyWars.API", "LobbyWars.API\LobbyWars.API.csproj", "{1B177D21-0567-4381-A432-DFE8E8E7AD6B}"
EndProject
Global
	GlobalSection(SolutionConfigurationPlatforms) = preSolution
		Debug|Any CPU = Debug|Any CPU
		Release|Any CPU = Release|Any CPU
	EndGlobalSection
	GlobalSection(ProjectConfigurationPlatforms) = postSolution
		{8C2B648F-4911-4471-B0F8-08DB0B186004}.Debug|Any CPU.ActiveCfg = Debug|Any CPU
		{8C2B648F-4911-4471-B0F8-08DB0B186004}.Debug|Any CPU.Build.0 = Debug|Any CPU
		{8C2B648F-4911-4471-B0F8-08DB0B186004}.Release|Any CPU.ActiveCfg = Release|Any CPU
		{8C2B648F-4911-4471-B0F8-08DB0B186004}.Release|Any CPU.Build.0 = Release|Any CPU
		{1DCFE0D0-DACA-4160-8435-DA6263A86B2A}.Debug|Any CPU.ActiveCfg = Debug|Any CPU
		{1DCFE0D0-DACA-4160-8435-DA6263A86B2A}.Debug|Any CPU.Build.0 = Debug|Any CPU
		{1DCFE0D0-DACA-4160-8435-DA6263A86B2A}.Release|Any CPU.ActiveCfg = Release|Any CPU
		{1DCFE0D0-DACA-4160-8435-DA6263A86B2A}.Release|Any CPU.Build.0 = Release|Any CPU
		{771F3FA2-941F-4EBE-816B-0990053A164A}.Debug|Any CPU.ActiveCfg = Debug|Any CPU
		{771F3FA2-941F-4EBE-816B-0990053A164A}.Debug|Any CPU.Build.0 = Debug|Any CPU
		{771F3FA2-941F-4EBE-816B-0990053A164A}.Release|Any CPU.ActiveCfg = Release|Any CPU
		{771F3FA2-941F-4EBE-816B-0990053A164A}.Release|Any CPU.Build.0 = Release|Any CPU
		{1B177D21-0567-4381-A432-DFE8E8E7AD6B}.Debug|Any CPU.ActiveCfg = Debug|Any CPU
		{1B177D21-0567-4381-A432-DFE8E8E7AD6B}.Debug|Any CPU.Build.0 = Debug|Any CPU
		{1B177D21-0567-4381-A432-DFE8E8E7AD6B}.Release|Any CPU.ActiveCfg = Release|Any CPU
		{1B177D21-0567-4381-A432-DFE8E8E7AD6B}.Release|Any CPU.Build.0 = Release|Any CPU
	EndGlobalSection
	GlobalSection(SolutionProperties) = preSolution
		HideSolutionNode = FALSE
	EndGlobalSection
	GlobalSection(ExtensibilityGlobals) = postSolution
		SolutionGuid = {4AF63AD6-C21C-439C-99E7-0B7F96D334D3}
	EndGlobalSection
EndGlobal
